
Microsoft Visual Studio Solution File, Format Version 12.00
# Visual Studio Version 16
VisualStudioVersion = 16.0.30804.86
MinimumVisualStudioVersion = 10.0.40219.1
Project("{FAE04EC0-301F-11D3-BF4B-00C04F79EFBC}") = "CSC Assignment Task 6", "CSC Assignment Task 6\CSC Assignment Task 6.csproj", "{C93A4C35-53B9-43E5-8613-65738464761A}"
EndProject
Global
	GlobalSection(SolutionConfigurationPlatforms) = preSolution
		Debug|Any CPU = Debug|Any CPU
		Release|Any CPU = Release|Any CPU
	EndGlobalSection
	GlobalSection(ProjectConfigurationPlatforms) = postSolution
		{C93A4C35-53B9-43E5-8613-65738464761A}.Debug|Any CPU.ActiveCfg = Debug|Any CPU
		{C93A4C35-53B9-43E5-8613-65738464761A}.Debug|Any CPU.Build.0 = Debug|Any CPU
		{C93A4C35-53B9-43E5-8613-65738464761A}.Release|Any CPU.ActiveCfg = Release|Any CPU
		{C93A4C35-53B9-43E5-8613-65738464761A}.Release|Any CPU.Build.0 = Release|Any CPU
	EndGlobalSection
	GlobalSection(SolutionProperties) = preSolution
		HideSolutionNode = FALSE
	EndGlobalSection
	GlobalSection(ExtensibilityGlobals) = postSolution
		SolutionGuid = {73DC9254-F674-4F6C-B86C-E211EEFA1768}
	EndGlobalSection
EndGlobal
